{
  "version": 4,
  "terraform_version": "1.7.3",
  "serial": 4479,
  "lineage": "eec07f55-aa3c-8348-42e3-da7720269851",
  "outputs": {},
  "resources": [
    {
      "module": "module.cloudwatch",
      "mode": "managed",
      "type": "aws_cloudwatch_log_group",
      "name": "cloudwatch_log_group",
      "provider": "provider[\"registry.terraform.io/hashicorp/aws\"]",
      "instances": [
        {
          "schema_version": 0,
          "attributes": {
            "arn": "arn:aws:logs:us-east-1:905418224712:log-group:cloudwatch_log_group",
            "id": "cloudwatch_log_group",
            "kms_key_id": "",
            "log_group_class": "STANDARD",
            "name": "cloudwatch_log_group",
            "name_prefix": "",
            "retention_in_days": 7,
            "skip_destroy": false,
            "tags": {
              "Name": "cloudwatch_log_group"
            },
            "tags_all": {
              "IAC": "Terraform",
              "IAC_Version": "1.7",
              "Name": "cloudwatch_log_group",
              "cloud": "AWS",
              "env": "dev",
              "owner": "Carlos e Isac",
              "project": "project1",
              "region": "useast1"
            }
          },
          "sensitive_attributes": [],
          "private": "bnVsbA=="
        }
      ]
    },
    {
      "module": "module.glue",
      "mode": "managed",
      "type": "aws_glue_catalog_database",
      "name": "catalog_database",
      "provider": "provider[\"registry.terraform.io/hashicorp/aws\"]",
      "instances": [
        {
          "schema_version": 0,
          "attributes": {
            "arn": "arn:aws:glue:us-east-1:905418224712:database/dev_aws_data",
            "catalog_id": "905418224712",
            "create_table_default_permission": [
              {
                "permissions": [
                  "ALL"
                ],
                "principal": [
                  {
                    "data_lake_principal_identifier": "IAM_ALLOWED_PRINCIPALS"
                  }
                ]
              }
            ],
            "description": "Catalog database for datalake",
            "federated_database": [],
            "id": "905418224712:dev_aws_data",
            "location_uri": "",
            "name": "dev_aws_data",
            "parameters": null,
            "tags": {
              "Name": "aws_data"
            },
            "tags_all": {
              "IAC": "Terraform",
              "IAC_Version": "1.7",
              "Name": "aws_data",
              "cloud": "AWS",
              "env": "dev",
              "owner": "Carlos e Isac",
              "project": "project1",
              "region": "useast1"
            },
            "target_database": []
          },
          "sensitive_attributes": [],
          "private": "bnVsbA=="
        }
      ]
    },
    {
      "module": "module.glue",
      "mode": "managed",
      "type": "aws_glue_crawler",
      "name": "data_lake_crawler",
      "provider": "provider[\"registry.terraform.io/hashicorp/aws\"]",
      "instances": [
        {
          "index_key": 0,
          "schema_version": 0,
          "attributes": {
            "arn": "arn:aws:glue:us-east-1:905418224712:crawler/dev_crw_bronzezone",
            "catalog_target": [],
            "classifiers": null,
            "configuration": "",
            "database_name": "dev_aws_data",
            "delta_target": [],
            "description": "Crawlers for each layer of the datalake",
            "dynamodb_target": [],
            "hudi_target": [],
            "iceberg_target": [],
            "id": "dev_crw_bronzezone",
            "jdbc_target": [],
            "lake_formation_configuration": [
              {
                "account_id": "",
                "use_lake_formation_credentials": false
              }
            ],
            "lineage_configuration": [
              {
                "crawler_lineage_settings": "DISABLE"
              }
            ],
            "mongodb_target": [],
            "name": "dev_crw_bronzezone",
            "recrawl_policy": [
              {
                "recrawl_behavior": "CRAWL_EVERYTHING"
              }
            ],
            "role": "AWSGlueRole",
            "s3_target": [
              {
                "connection_name": "",
                "dlq_event_queue_arn": "",
                "event_queue_arn": "",
                "exclusions": null,
                "path": "s3://bk-bronzezone-project1-dev-useast1",
                "sample_size": 0
              }
            ],
            "schedule": "",
            "schema_change_policy": [
              {
                "delete_behavior": "DEPRECATE_IN_DATABASE",
                "update_behavior": "UPDATE_IN_DATABASE"
              }
            ],
            "security_configuration": "",
            "table_prefix": "",
            "tags": null,
            "tags_all": {
              "IAC": "Terraform",
              "IAC_Version": "1.7",
              "cloud": "AWS",
              "env": "dev",
              "owner": "Carlos e Isac",
              "project": "project1",
              "region": "useast1"
            }
          },
          "sensitive_attributes": [],
          "private": "bnVsbA==",
          "dependencies": [
            "module.glue.aws_glue_catalog_database.catalog_database",
            "module.iam.aws_iam_role.glue_service_role",
            "module.iam.data.aws_iam_policy_document.glue_assume_role_policy",
            "module.s3.aws_s3_bucket.datalake_buckets"
          ]
        },
        {
          "index_key": 1,
          "schema_version": 0,
          "attributes": {
            "arn": "arn:aws:glue:us-east-1:905418224712:crawler/dev_crw_silverzone",
            "catalog_target": [],
            "classifiers": null,
            "configuration": "",
            "database_name": "dev_aws_data",
            "delta_target": [],
            "description": "Crawlers for each layer of the datalake",
            "dynamodb_target": [],
            "hudi_target": [],
            "iceberg_target": [],
            "id": "dev_crw_silverzone",
            "jdbc_target": [],
            "lake_formation_configuration": [
              {
                "account_id": "",
                "use_lake_formation_credentials": false
              }
            ],
            "lineage_configuration": [
              {
                "crawler_lineage_settings": "DISABLE"
              }
            ],
            "mongodb_target": [],
            "name": "dev_crw_silverzone",
            "recrawl_policy": [
              {
                "recrawl_behavior": "CRAWL_EVERYTHING"
              }
            ],
            "role": "AWSGlueRole",
            "s3_target": [
              {
                "connection_name": "",
                "dlq_event_queue_arn": "",
                "event_queue_arn": "",
                "exclusions": null,
                "path": "s3://bk-silverzone-project1-dev-useast1",
                "sample_size": 0
              }
            ],
            "schedule": "",
            "schema_change_policy": [
              {
                "delete_behavior": "DEPRECATE_IN_DATABASE",
                "update_behavior": "UPDATE_IN_DATABASE"
              }
            ],
            "security_configuration": "",
            "table_prefix": "",
            "tags": null,
            "tags_all": {
              "IAC": "Terraform",
              "IAC_Version": "1.7",
              "cloud": "AWS",
              "env": "dev",
              "owner": "Carlos e Isac",
              "project": "project1",
              "region": "useast1"
            }
          },
          "sensitive_attributes": [],
          "private": "bnVsbA==",
          "dependencies": [
            "module.glue.aws_glue_catalog_database.catalog_database",
            "module.iam.aws_iam_role.glue_service_role",
            "module.iam.data.aws_iam_policy_document.glue_assume_role_policy",
            "module.s3.aws_s3_bucket.datalake_buckets"
          ]
        },
        {
          "index_key": 2,
          "schema_version": 0,
          "attributes": {
            "arn": "arn:aws:glue:us-east-1:905418224712:crawler/dev_crw_goldzone",
            "catalog_target": [],
            "classifiers": null,
            "configuration": "",
            "database_name": "dev_aws_data",
            "delta_target": [],
            "description": "Crawlers for each layer of the datalake",
            "dynamodb_target": [],
            "hudi_target": [],
            "iceberg_target": [],
            "id": "dev_crw_goldzone",
            "jdbc_target": [],
            "lake_formation_configuration": [
              {
                "account_id": "",
                "use_lake_formation_credentials": false
              }
            ],
            "lineage_configuration": [
              {
                "crawler_lineage_settings": "DISABLE"
              }
            ],
            "mongodb_target": [],
            "name": "dev_crw_goldzone",
            "recrawl_policy": [
              {
                "recrawl_behavior": "CRAWL_EVERYTHING"
              }
            ],
            "role": "AWSGlueRole",
            "s3_target": [
              {
                "connection_name": "",
                "dlq_event_queue_arn": "",
                "event_queue_arn": "",
                "exclusions": null,
                "path": "s3://bk-goldzone-project1-dev-useast1",
                "sample_size": 0
              }
            ],
            "schedule": "",
            "schema_change_policy": [
              {
                "delete_behavior": "DEPRECATE_IN_DATABASE",
                "update_behavior": "UPDATE_IN_DATABASE"
              }
            ],
            "security_configuration": "",
            "table_prefix": "",
            "tags": null,
            "tags_all": {
              "IAC": "Terraform",
              "IAC_Version": "1.7",
              "cloud": "AWS",
              "env": "dev",
              "owner": "Carlos e Isac",
              "project": "project1",
              "region": "useast1"
            }
          },
          "sensitive_attributes": [],
          "private": "bnVsbA==",
          "dependencies": [
            "module.glue.aws_glue_catalog_database.catalog_database",
            "module.iam.aws_iam_role.glue_service_role",
            "module.iam.data.aws_iam_policy_document.glue_assume_role_policy",
            "module.s3.aws_s3_bucket.datalake_buckets"
          ]
        }
      ]
    },
    {
      "module": "module.glue",
      "mode": "managed",
      "type": "aws_glue_job",
      "name": "glue_etl_jobs",
      "provider": "provider[\"registry.terraform.io/hashicorp/aws\"]",
      "instances": [
        {
          "index_key": "job_goldzone",
          "schema_version": 0,
          "attributes": {
            "arn": "arn:aws:glue:us-east-1:905418224712:job/dev_job_goldzone",
            "command": [
              {
                "name": "glueetl",
                "python_version": "2",
                "runtime": "",
                "script_location": "s3://bk-gluejobs-project1-dev-useast1/scripts_jobs/job_goldzone.py"
              }
            ],
            "connections": null,
            "default_arguments": {
              "--continuous-log-logGroup": "cloudwatch_log_group",
              "--enable-continuous-cloudwatch-log": "true",
              "--enable-continuous-log-filter": "true",
              "--enable-metrics": "true",
              "--job-language": "python"
            },
            "description": "Job that consumes data from the data lake S3",
            "execution_class": "",
            "execution_property": [
              {
                "max_concurrent_runs": 1
              }
            ],
            "glue_version": "4.0",
            "id": "dev_job_goldzone",
            "max_capacity": 3,
            "max_retries": 0,
            "name": "dev_job_goldzone",
            "non_overridable_arguments": null,
            "notification_property": [],
            "number_of_workers": 2,
            "role_arn": "arn:aws:iam::905418224712:role/AWSGlueRole",
            "security_configuration": "",
            "tags": {
              "Name": "job_goldzone"
            },
            "tags_all": {
              "IAC": "Terraform",
              "IAC_Version": "1.7",
              "Name": "job_goldzone",
              "cloud": "AWS",
              "env": "dev",
              "owner": "Carlos e Isac",
              "project": "project1",
              "region": "useast1"
            },
            "timeout": 30,
            "worker_type": "G.1X"
          },
          "sensitive_attributes": [],
          "private": "bnVsbA==",
          "dependencies": [
            "module.cloudwatch.aws_cloudwatch_log_group.cloudwatch_log_group",
            "module.iam.aws_iam_role.glue_service_role",
            "module.iam.data.aws_iam_policy_document.glue_assume_role_policy",
            "module.s3.aws_s3_bucket.bucket_scripts_jobs"
          ]
        },
        {
          "index_key": "job_silverzone",
          "schema_version": 0,
          "attributes": {
            "arn": "arn:aws:glue:us-east-1:905418224712:job/dev_job_silverzone",
            "command": [
              {
                "name": "glueetl",
                "python_version": "2",
                "runtime": "",
                "script_location": "s3://bk-gluejobs-project1-dev-useast1/scripts_jobs/job_silverzone.py"
              }
            ],
            "connections": null,
            "default_arguments": {
              "--continuous-log-logGroup": "cloudwatch_log_group",
              "--enable-continuous-cloudwatch-log": "true",
              "--enable-continuous-log-filter": "true",
              "--enable-metrics": "true",
              "--job-language": "python"
            },
            "description": "Job that consumes data from the data lake S3",
            "execution_class": "",
            "execution_property": [
              {
                "max_concurrent_runs": 1
              }
            ],
            "glue_version": "4.0",
            "id": "dev_job_silverzone",
            "max_capacity": 3,
            "max_retries": 0,
            "name": "dev_job_silverzone",
            "non_overridable_arguments": null,
            "notification_property": [],
            "number_of_workers": 2,
            "role_arn": "arn:aws:iam::905418224712:role/AWSGlueRole",
            "security_configuration": "",
            "tags": {
              "Name": "job_silverzone"
            },
            "tags_all": {
              "IAC": "Terraform",
              "IAC_Version": "1.7",
              "Name": "job_silverzone",
              "cloud": "AWS",
              "env": "dev",
              "owner": "Carlos e Isac",
              "project": "project1",
              "region": "useast1"
            },
            "timeout": 30,
            "worker_type": "G.1X"
          },
          "sensitive_attributes": [],
          "private": "bnVsbA==",
          "dependencies": [
            "module.cloudwatch.aws_cloudwatch_log_group.cloudwatch_log_group",
            "module.iam.aws_iam_role.glue_service_role",
            "module.iam.data.aws_iam_policy_document.glue_assume_role_policy",
            "module.s3.aws_s3_bucket.bucket_scripts_jobs"
          ]
        }
      ]
    },
    {
      "module": "module.iam",
      "mode": "data",
      "type": "aws_iam_policy_document",
      "name": "glue_assume_role_policy",
      "provider": "provider[\"registry.terraform.io/hashicorp/aws\"]",
      "instances": [
        {
          "schema_version": 0,
          "attributes": {
            "id": "2681768870",
            "json": "{\n  \"Version\": \"2012-10-17\",\n  \"Statement\": [\n    {\n      \"Effect\": \"Allow\",\n      \"Action\": \"sts:AssumeRole\",\n      \"Principal\": {\n        \"Service\": \"glue.amazonaws.com\"\n      }\n    }\n  ]\n}",
            "override_json": null,
            "override_policy_documents": null,
            "policy_id": null,
            "source_json": null,
            "source_policy_documents": null,
            "statement": [
              {
                "actions": [
                  "sts:AssumeRole"
                ],
                "condition": [],
                "effect": "Allow",
                "not_actions": [],
                "not_principals": [],
                "not_resources": [],
                "principals": [
                  {
                    "identifiers": [
                      "glue.amazonaws.com"
                    ],
                    "type": "Service"
                  }
                ],
                "resources": [],
                "sid": ""
              }
            ],
            "version": "2012-10-17"
          },
          "sensitive_attributes": []
        }
      ]
    },
    {
      "module": "module.iam",
      "mode": "data",
      "type": "aws_iam_policy_document",
      "name": "glue_s3_and_data_catalog_policy_document",
      "provider": "provider[\"registry.terraform.io/hashicorp/aws\"]",
      "instances": [
        {
          "schema_version": 0,
          "attributes": {
            "id": "642959051",
            "json": "{\n  \"Version\": \"2012-10-17\",\n  \"Statement\": [\n    {\n      \"Effect\": \"Allow\",\n      \"Action\": [\n        \"s3:PutObject\",\n        \"s3:ListBucket\",\n        \"s3:GetObject\",\n        \"logs:PutLogEvents\",\n        \"logs:CreateLogStream\",\n        \"logs:CreateLogGroup\",\n        \"cloudwatch:PutMetricData\"\n      ],\n      \"Resource\": [\n        \"arn:aws:s3:::bk-silverzone-project1-dev-useast1\",\n        \"arn:aws:s3:::bk-goldzone-project1-dev-useast1\",\n        \"arn:aws:s3:::bk-bronzezone-project1-dev-useast1\"\n      ]\n    },\n    {\n      \"Effect\": \"Allow\",\n      \"Action\": [\n        \"glue:GetTable\",\n        \"glue:GetDatabase\",\n        \"glue:GetDataCatalogEncryptionSettings\",\n        \"glue:CreateTable\"\n      ],\n      \"Resource\": \"arn:aws:glue:us-east-1:905418224712:database/dev_aws_data\"\n    }\n  ]\n}",
            "override_json": null,
            "override_policy_documents": null,
            "policy_id": null,
            "source_json": null,
            "source_policy_documents": null,
            "statement": [
              {
                "actions": [
                  "cloudwatch:PutMetricData",
                  "logs:CreateLogGroup",
                  "logs:CreateLogStream",
                  "logs:PutLogEvents",
                  "s3:GetObject",
                  "s3:ListBucket",
                  "s3:PutObject"
                ],
                "condition": [],
                "effect": "Allow",
                "not_actions": [],
                "not_principals": [],
                "not_resources": [],
                "principals": [],
                "resources": [
                  "arn:aws:s3:::bk-bronzezone-project1-dev-useast1",
                  "arn:aws:s3:::bk-goldzone-project1-dev-useast1",
                  "arn:aws:s3:::bk-silverzone-project1-dev-useast1"
                ],
                "sid": ""
              },
              {
                "actions": [
                  "glue:CreateTable",
                  "glue:GetDataCatalogEncryptionSettings",
                  "glue:GetDatabase",
                  "glue:GetTable"
                ],
                "condition": [],
                "effect": "Allow",
                "not_actions": [],
                "not_principals": [],
                "not_resources": [],
                "principals": [],
                "resources": [
                  "arn:aws:glue:us-east-1:905418224712:database/dev_aws_data"
                ],
                "sid": ""
              }
            ],
            "version": "2012-10-17"
          },
          "sensitive_attributes": []
        }
      ]
    },
    {
      "module": "module.iam",
      "mode": "data",
      "type": "aws_iam_policy_document",
      "name": "lambda_assume_role_policy",
      "provider": "provider[\"registry.terraform.io/hashicorp/aws\"]",
      "instances": [
        {
          "schema_version": 0,
          "attributes": {
            "id": "2690255455",
            "json": "{\n  \"Version\": \"2012-10-17\",\n  \"Statement\": [\n    {\n      \"Effect\": \"Allow\",\n      \"Action\": \"sts:AssumeRole\",\n      \"Principal\": {\n        \"Service\": \"lambda.amazonaws.com\"\n      }\n    }\n  ]\n}",
            "override_json": null,
            "override_policy_documents": null,
            "policy_id": null,
            "source_json": null,
            "source_policy_documents": null,
            "statement": [
              {
                "actions": [
                  "sts:AssumeRole"
                ],
                "condition": [],
                "effect": "Allow",
                "not_actions": [],
                "not_principals": [],
                "not_resources": [],
                "principals": [
                  {
                    "identifiers": [
                      "lambda.amazonaws.com"
                    ],
                    "type": "Service"
                  }
                ],
                "resources": [],
                "sid": ""
              }
            ],
            "version": "2012-10-17"
          },
          "sensitive_attributes": []
        }
      ]
    },
    {
      "module": "module.iam",
      "mode": "managed",
      "type": "aws_iam_policy",
      "name": "glue_s3_and_data_catalog_policy",
      "provider": "provider[\"registry.terraform.io/hashicorp/aws\"]",
      "instances": [
        {
          "schema_version": 0,
          "attributes": {
            "arn": "arn:aws:iam::905418224712:policy/GlueS3AndDataCatalogPolicy",
            "description": "",
            "id": "arn:aws:iam::905418224712:policy/GlueS3AndDataCatalogPolicy",
            "name": "GlueS3AndDataCatalogPolicy",
            "name_prefix": "",
            "path": "/",
            "policy": "{\"Statement\":[{\"Action\":[\"s3:PutObject\",\"s3:ListBucket\",\"s3:GetObject\",\"logs:PutLogEvents\",\"logs:CreateLogStream\",\"logs:CreateLogGroup\",\"cloudwatch:PutMetricData\"],\"Effect\":\"Allow\",\"Resource\":[\"arn:aws:s3:::bk-silverzone-project1-dev-useast1\",\"arn:aws:s3:::bk-goldzone-project1-dev-useast1\",\"arn:aws:s3:::bk-bronzezone-project1-dev-useast1\"]},{\"Action\":[\"glue:GetTable\",\"glue:GetDatabase\",\"glue:GetDataCatalogEncryptionSettings\",\"glue:CreateTable\"],\"Effect\":\"Allow\",\"Resource\":\"arn:aws:glue:us-east-1:905418224712:database/dev_aws_data\"}],\"Version\":\"2012-10-17\"}",
            "policy_id": "ANPA5FTZBWREG2GMOHKOG",
            "tags": null,
            "tags_all": {
              "IAC": "Terraform",
              "IAC_Version": "1.7",
              "cloud": "AWS",
              "env": "dev",
              "owner": "Carlos e Isac",
              "project": "project1",
              "region": "useast1"
            }
          },
          "sensitive_attributes": [],
          "private": "bnVsbA==",
          "dependencies": [
            "module.glue.aws_glue_catalog_database.catalog_database",
            "module.iam.data.aws_iam_policy_document.glue_s3_and_data_catalog_policy_document",
            "module.s3.aws_s3_bucket.datalake_buckets"
          ]
        }
      ]
    },
    {
      "module": "module.iam",
      "mode": "managed",
      "type": "aws_iam_role",
      "name": "glue_service_role",
      "provider": "provider[\"registry.terraform.io/hashicorp/aws\"]",
      "instances": [
        {
          "schema_version": 0,
          "attributes": {
            "arn": "arn:aws:iam::905418224712:role/AWSGlueRole",
            "assume_role_policy": "{\"Statement\":[{\"Action\":\"sts:AssumeRole\",\"Effect\":\"Allow\",\"Principal\":{\"Service\":\"glue.amazonaws.com\"}}],\"Version\":\"2012-10-17\"}",
            "create_date": "2024-04-11T23:09:00Z",
            "description": "",
            "force_detach_policies": false,
            "id": "AWSGlueRole",
            "inline_policy": [],
            "managed_policy_arns": [],
            "max_session_duration": 3600,
            "name": "AWSGlueRole",
            "name_prefix": "",
            "path": "/",
            "permissions_boundary": "",
            "tags": null,
            "tags_all": {
              "IAC": "Terraform",
              "IAC_Version": "1.7",
              "cloud": "AWS",
              "env": "dev",
              "owner": "Carlos e Isac",
              "project": "project1",
              "region": "useast1"
            },
            "unique_id": "AROA5FTZBWRENKNBSALRG"
          },
          "sensitive_attributes": [],
          "private": "bnVsbA==",
          "dependencies": [
            "module.iam.data.aws_iam_policy_document.glue_assume_role_policy"
          ]
        }
      ]
    },
    {
      "module": "module.iam",
      "mode": "managed",
      "type": "aws_iam_role",
      "name": "lambda_glue_rol",
      "provider": "provider[\"registry.terraform.io/hashicorp/aws\"]",
      "instances": [
        {
          "schema_version": 0,
          "attributes": {
            "arn": "arn:aws:iam::905418224712:role/lambda_glue_rol",
            "assume_role_policy": "{\"Statement\":[{\"Action\":\"sts:AssumeRole\",\"Effect\":\"Allow\",\"Principal\":{\"Service\":\"lambda.amazonaws.com\"}}],\"Version\":\"2012-10-17\"}",
            "create_date": "2024-04-11T23:09:00Z",
            "description": "",
            "force_detach_policies": false,
            "id": "lambda_glue_rol",
            "inline_policy": [
              {
                "name": "lambda-glue-access",
                "policy": "{\"Version\":\"2012-10-17\",\"Statement\":[{\"Action\":[\"glue:GetTable\",\"glue:CreateTable\",\"glue:UpdateTable\",\"glue:DeleteTable\"],\"Effect\":\"Allow\",\"Resource\":\"*\"}]}"
              },
              {
                "name": "lambda-s3-access",
                "policy": "{\"Version\":\"2012-10-17\",\"Statement\":[{\"Action\":[\"s3:GetObject\",\"s3:ListBucket\"],\"Effect\":\"Allow\",\"Resource\":[\"*\"]}]}"
              }
            ],
            "managed_policy_arns": [],
            "max_session_duration": 3600,
            "name": "lambda_glue_rol",
            "name_prefix": "",
            "path": "/",
            "permissions_boundary": "",
            "tags": null,
            "tags_all": {
              "IAC": "Terraform",
              "IAC_Version": "1.7",
              "cloud": "AWS",
              "env": "dev",
              "owner": "Carlos e Isac",
              "project": "project1",
              "region": "useast1"
            },
            "unique_id": "AROA5FTZBWRECEA5VPU22"
          },
          "sensitive_attributes": [],
          "private": "bnVsbA==",
          "dependencies": [
            "module.iam.data.aws_iam_policy_document.lambda_assume_role_policy"
          ]
        }
      ]
    },
    {
      "module": "module.iam",
      "mode": "managed",
      "type": "aws_iam_role_policy_attachment",
      "name": "glue_s3_and_data_catalog_policy_attachment",
      "provider": "provider[\"registry.terraform.io/hashicorp/aws\"]",
      "instances": [
        {
          "schema_version": 0,
          "attributes": {
            "id": "AWSGlueRole-20240411230907013600000001",
            "policy_arn": "arn:aws:iam::905418224712:policy/GlueS3AndDataCatalogPolicy",
            "role": "AWSGlueRole"
          },
          "sensitive_attributes": [],
          "private": "bnVsbA==",
          "dependencies": [
            "module.glue.aws_glue_catalog_database.catalog_database",
            "module.iam.aws_iam_policy.glue_s3_and_data_catalog_policy",
            "module.iam.aws_iam_role.glue_service_role",
            "module.iam.data.aws_iam_policy_document.glue_assume_role_policy",
            "module.iam.data.aws_iam_policy_document.glue_s3_and_data_catalog_policy_document",
            "module.s3.aws_s3_bucket.datalake_buckets"
          ]
        }
      ]
    },
    {
      "module": "module.lambda",
      "mode": "managed",
      "type": "aws_lambda_function",
      "name": "lambda_function_glue",
      "provider": "provider[\"registry.terraform.io/hashicorp/aws\"]",
      "instances": [
        {
          "index_key": 0,
          "schema_version": 0,
          "attributes": {
            "architectures": [
              "x86_64"
            ],
            "arn": "arn:aws:lambda:us-east-1:905418224712:function:lambda-uptable_br_glue",
            "code_signing_config_arn": "",
            "dead_letter_config": [],
            "description": "Functions that update the name of tables in aws glue database catalog",
            "environment": [],
            "ephemeral_storage": [
              {
                "size": 512
              }
            ],
            "file_system_config": [],
            "filename": "C:/Users/carlo/Desktop/Projects Terraform/charla_aws/lambdas/uptable_br_glue.zip",
            "function_name": "lambda-uptable_br_glue",
            "handler": "lambda_function.lambda_handler",
            "id": "lambda-uptable_br_glue",
            "image_config": [],
            "image_uri": "",
            "invoke_arn": "arn:aws:apigateway:us-east-1:lambda:path/2015-03-31/functions/arn:aws:lambda:us-east-1:905418224712:function:lambda-uptable_br_glue/invocations",
            "kms_key_arn": "",
            "last_modified": "2024-04-11T23:09:10.727+0000",
            "layers": null,
            "logging_config": [
              {
                "application_log_level": "",
                "log_format": "Text",
                "log_group": "/aws/lambda/lambda-uptable_br_glue",
                "system_log_level": ""
              }
            ],
            "memory_size": 128,
            "package_type": "Zip",
            "publish": false,
            "qualified_arn": "arn:aws:lambda:us-east-1:905418224712:function:lambda-uptable_br_glue:$LATEST",
            "qualified_invoke_arn": "arn:aws:apigateway:us-east-1:lambda:path/2015-03-31/functions/arn:aws:lambda:us-east-1:905418224712:function:lambda-uptable_br_glue:$LATEST/invocations",
            "replace_security_groups_on_destroy": null,
            "replacement_security_group_ids": null,
            "reserved_concurrent_executions": -1,
            "role": "arn:aws:iam::905418224712:role/lambda_glue_rol",
            "runtime": "python3.8",
            "s3_bucket": null,
            "s3_key": null,
            "s3_object_version": null,
            "signing_job_arn": "",
            "signing_profile_version_arn": "",
            "skip_destroy": false,
            "snap_start": [],
            "source_code_hash": "lgjKPKNHaAPGVXkrschHcqIJ0CWZ6FdlHyNK+t6F+Oo=",
            "source_code_size": 850,
            "tags": {
              "Name": "0"
            },
            "tags_all": {
              "IAC": "Terraform",
              "IAC_Version": "1.7",
              "Name": "0",
              "cloud": "AWS",
              "env": "dev",
              "owner": "Carlos e Isac",
              "project": "project1",
              "region": "useast1"
            },
            "timeout": 3,
            "timeouts": null,
            "tracing_config": [
              {
                "mode": "PassThrough"
              }
            ],
            "version": "$LATEST",
            "vpc_config": []
          },
          "sensitive_attributes": [],
          "private": "eyJlMmJmYjczMC1lY2FhLTExZTYtOGY4OC0zNDM2M2JjN2M0YzAiOnsiY3JlYXRlIjo2MDAwMDAwMDAwMDAsImRlbGV0ZSI6NjAwMDAwMDAwMDAwLCJ1cGRhdGUiOjYwMDAwMDAwMDAwMH19",
          "dependencies": [
            "module.iam.aws_iam_role.lambda_glue_rol",
            "module.iam.data.aws_iam_policy_document.lambda_assume_role_policy"
          ]
        },
        {
          "index_key": 1,
          "schema_version": 0,
          "attributes": {
            "architectures": [
              "x86_64"
            ],
            "arn": "arn:aws:lambda:us-east-1:905418224712:function:lambda-uptable_sl_glue",
            "code_signing_config_arn": "",
            "dead_letter_config": [],
            "description": "Functions that update the name of tables in aws glue database catalog",
            "environment": [],
            "ephemeral_storage": [
              {
                "size": 512
              }
            ],
            "file_system_config": [],
            "filename": "C:/Users/carlo/Desktop/Projects Terraform/charla_aws/lambdas/uptable_sl_glue.zip",
            "function_name": "lambda-uptable_sl_glue",
            "handler": "lambda_function.lambda_handler",
            "id": "lambda-uptable_sl_glue",
            "image_config": [],
            "image_uri": "",
            "invoke_arn": "arn:aws:apigateway:us-east-1:lambda:path/2015-03-31/functions/arn:aws:lambda:us-east-1:905418224712:function:lambda-uptable_sl_glue/invocations",
            "kms_key_arn": "",
            "last_modified": "2024-04-11T23:09:17.291+0000",
            "layers": null,
            "logging_config": [
              {
                "application_log_level": "",
                "log_format": "Text",
                "log_group": "/aws/lambda/lambda-uptable_sl_glue",
                "system_log_level": ""
              }
            ],
            "memory_size": 128,
            "package_type": "Zip",
            "publish": false,
            "qualified_arn": "arn:aws:lambda:us-east-1:905418224712:function:lambda-uptable_sl_glue:$LATEST",
            "qualified_invoke_arn": "arn:aws:apigateway:us-east-1:lambda:path/2015-03-31/functions/arn:aws:lambda:us-east-1:905418224712:function:lambda-uptable_sl_glue:$LATEST/invocations",
            "replace_security_groups_on_destroy": null,
            "replacement_security_group_ids": null,
            "reserved_concurrent_executions": -1,
            "role": "arn:aws:iam::905418224712:role/lambda_glue_rol",
            "runtime": "python3.8",
            "s3_bucket": null,
            "s3_key": null,
            "s3_object_version": null,
            "signing_job_arn": "",
            "signing_profile_version_arn": "",
            "skip_destroy": false,
            "snap_start": [],
            "source_code_hash": "4lmqyelvPahqHZ/U+GAno1z67S8gZgbh1JaiGGTRUxw=",
            "source_code_size": 850,
            "tags": {
              "Name": "1"
            },
            "tags_all": {
              "IAC": "Terraform",
              "IAC_Version": "1.7",
              "Name": "1",
              "cloud": "AWS",
              "env": "dev",
              "owner": "Carlos e Isac",
              "project": "project1",
              "region": "useast1"
            },
            "timeout": 3,
            "timeouts": null,
            "tracing_config": [
              {
                "mode": "PassThrough"
              }
            ],
            "version": "$LATEST",
            "vpc_config": []
          },
          "sensitive_attributes": [],
          "private": "eyJlMmJmYjczMC1lY2FhLTExZTYtOGY4OC0zNDM2M2JjN2M0YzAiOnsiY3JlYXRlIjo2MDAwMDAwMDAwMDAsImRlbGV0ZSI6NjAwMDAwMDAwMDAwLCJ1cGRhdGUiOjYwMDAwMDAwMDAwMH19",
          "dependencies": [
            "module.iam.aws_iam_role.lambda_glue_rol",
            "module.iam.data.aws_iam_policy_document.lambda_assume_role_policy"
          ]
        }
      ]
    },
    {
      "module": "module.s3",
      "mode": "managed",
      "type": "aws_s3_bucket",
      "name": "bucket_scripts_jobs",
      "provider": "provider[\"registry.terraform.io/hashicorp/aws\"]",
      "instances": [
        {
          "schema_version": 0,
          "attributes": {
            "acceleration_status": "",
            "acl": null,
            "arn": "arn:aws:s3:::bk-gluejobs-project1-dev-useast1",
            "bucket": "bk-gluejobs-project1-dev-useast1",
            "bucket_domain_name": "bk-gluejobs-project1-dev-useast1.s3.amazonaws.com",
            "bucket_prefix": "",
            "bucket_regional_domain_name": "bk-gluejobs-project1-dev-useast1.s3.us-east-1.amazonaws.com",
            "cors_rule": [],
            "force_destroy": false,
            "grant": [
              {
                "id": "85ead7a433d38792efed9eb2f5d84720402ccea8869c26a9739603cb11ea7ac2",
                "permissions": [
                  "FULL_CONTROL"
                ],
                "type": "CanonicalUser",
                "uri": ""
              }
            ],
            "hosted_zone_id": "Z3AQBSTGFYJSTF",
            "id": "bk-gluejobs-project1-dev-useast1",
            "lifecycle_rule": [],
            "logging": [],
            "object_lock_configuration": [],
            "object_lock_enabled": false,
            "policy": "",
            "region": "us-east-1",
            "replication_configuration": [],
            "request_payer": "BucketOwner",
            "server_side_encryption_configuration": [
              {
                "rule": [
                  {
                    "apply_server_side_encryption_by_default": [
                      {
                        "kms_master_key_id": "",
                        "sse_algorithm": "AES256"
                      }
                    ],
                    "bucket_key_enabled": false
                  }
                ]
              }
            ],
            "tags": {
              "Name": "gluejobs"
            },
            "tags_all": {
              "IAC": "Terraform",
              "IAC_Version": "1.7",
              "Name": "gluejobs",
              "cloud": "AWS",
              "env": "dev",
              "owner": "Carlos e Isac",
              "project": "project1",
              "region": "useast1"
            },
            "timeouts": null,
            "versioning": [
              {
                "enabled": false,
                "mfa_delete": false
              }
            ],
            "website": [],
            "website_domain": null,
            "website_endpoint": null
          },
          "sensitive_attributes": [],
          "private": "eyJlMmJmYjczMC1lY2FhLTExZTYtOGY4OC0zNDM2M2JjN2M0YzAiOnsiY3JlYXRlIjoxMjAwMDAwMDAwMDAwLCJkZWxldGUiOjM2MDAwMDAwMDAwMDAsInJlYWQiOjEyMDAwMDAwMDAwMDAsInVwZGF0ZSI6MTIwMDAwMDAwMDAwMH19"
        }
      ]
    },
    {
      "module": "module.s3",
      "mode": "managed",
      "type": "aws_s3_bucket",
      "name": "bucket_scripts_lambda",
      "provider": "provider[\"registry.terraform.io/hashicorp/aws\"]",
      "instances": [
        {
          "schema_version": 0,
          "attributes": {
            "acceleration_status": "",
            "acl": null,
            "arn": "arn:aws:s3:::bk-lambdafunctions-project1-dev-useast1",
            "bucket": "bk-lambdafunctions-project1-dev-useast1",
            "bucket_domain_name": "bk-lambdafunctions-project1-dev-useast1.s3.amazonaws.com",
            "bucket_prefix": "",
            "bucket_regional_domain_name": "bk-lambdafunctions-project1-dev-useast1.s3.us-east-1.amazonaws.com",
            "cors_rule": [],
            "force_destroy": false,
            "grant": [
              {
                "id": "85ead7a433d38792efed9eb2f5d84720402ccea8869c26a9739603cb11ea7ac2",
                "permissions": [
                  "FULL_CONTROL"
                ],
                "type": "CanonicalUser",
                "uri": ""
              }
            ],
            "hosted_zone_id": "Z3AQBSTGFYJSTF",
            "id": "bk-lambdafunctions-project1-dev-useast1",
            "lifecycle_rule": [],
            "logging": [],
            "object_lock_configuration": [],
            "object_lock_enabled": false,
            "policy": "",
            "region": "us-east-1",
            "replication_configuration": [],
            "request_payer": "BucketOwner",
            "server_side_encryption_configuration": [
              {
                "rule": [
                  {
                    "apply_server_side_encryption_by_default": [
                      {
                        "kms_master_key_id": "",
                        "sse_algorithm": "AES256"
                      }
                    ],
                    "bucket_key_enabled": false
                  }
                ]
              }
            ],
            "tags": {
              "Name": "lambdafunctions"
            },
            "tags_all": {
              "IAC": "Terraform",
              "IAC_Version": "1.7",
              "Name": "lambdafunctions",
              "cloud": "AWS",
              "env": "dev",
              "owner": "Carlos e Isac",
              "project": "project1",
              "region": "useast1"
            },
            "timeouts": null,
            "versioning": [
              {
                "enabled": false,
                "mfa_delete": false
              }
            ],
            "website": [],
            "website_domain": null,
            "website_endpoint": null
          },
          "sensitive_attributes": [],
          "private": "eyJlMmJmYjczMC1lY2FhLTExZTYtOGY4OC0zNDM2M2JjN2M0YzAiOnsiY3JlYXRlIjoxMjAwMDAwMDAwMDAwLCJkZWxldGUiOjM2MDAwMDAwMDAwMDAsInJlYWQiOjEyMDAwMDAwMDAwMDAsInVwZGF0ZSI6MTIwMDAwMDAwMDAwMH19"
        }
      ]
    },
    {
      "module": "module.s3",
      "mode": "managed",
      "type": "aws_s3_bucket",
      "name": "datalake_buckets",
      "provider": "provider[\"registry.terraform.io/hashicorp/aws\"]",
      "instances": [
        {
          "index_key": "bronzezone",
          "schema_version": 0,
          "attributes": {
            "acceleration_status": "",
            "acl": null,
            "arn": "arn:aws:s3:::bk-bronzezone-project1-dev-useast1",
            "bucket": "bk-bronzezone-project1-dev-useast1",
            "bucket_domain_name": "bk-bronzezone-project1-dev-useast1.s3.amazonaws.com",
            "bucket_prefix": "",
            "bucket_regional_domain_name": "bk-bronzezone-project1-dev-useast1.s3.us-east-1.amazonaws.com",
            "cors_rule": [],
            "force_destroy": true,
            "grant": [
              {
                "id": "85ead7a433d38792efed9eb2f5d84720402ccea8869c26a9739603cb11ea7ac2",
                "permissions": [
                  "FULL_CONTROL"
                ],
                "type": "CanonicalUser",
                "uri": ""
              }
            ],
            "hosted_zone_id": "Z3AQBSTGFYJSTF",
            "id": "bk-bronzezone-project1-dev-useast1",
            "lifecycle_rule": [],
            "logging": [],
            "object_lock_configuration": [],
            "object_lock_enabled": false,
            "policy": "",
            "region": "us-east-1",
            "replication_configuration": [],
            "request_payer": "BucketOwner",
            "server_side_encryption_configuration": [
              {
                "rule": [
                  {
                    "apply_server_side_encryption_by_default": [
                      {
                        "kms_master_key_id": "",
                        "sse_algorithm": "AES256"
                      }
                    ],
                    "bucket_key_enabled": false
                  }
                ]
              }
            ],
            "tags": {
              "Name": "bronzezone"
            },
            "tags_all": {
              "IAC": "Terraform",
              "IAC_Version": "1.7",
              "Name": "bronzezone",
              "cloud": "AWS",
              "env": "dev",
              "owner": "Carlos e Isac",
              "project": "project1",
              "region": "useast1"
            },
            "timeouts": null,
            "versioning": [
              {
                "enabled": false,
                "mfa_delete": false
              }
            ],
            "website": [],
            "website_domain": null,
            "website_endpoint": null
          },
          "sensitive_attributes": [],
          "private": "eyJlMmJmYjczMC1lY2FhLTExZTYtOGY4OC0zNDM2M2JjN2M0YzAiOnsiY3JlYXRlIjoxMjAwMDAwMDAwMDAwLCJkZWxldGUiOjM2MDAwMDAwMDAwMDAsInJlYWQiOjEyMDAwMDAwMDAwMDAsInVwZGF0ZSI6MTIwMDAwMDAwMDAwMH19"
        },
        {
          "index_key": "goldzone",
          "schema_version": 0,
          "attributes": {
            "acceleration_status": "",
            "acl": null,
            "arn": "arn:aws:s3:::bk-goldzone-project1-dev-useast1",
            "bucket": "bk-goldzone-project1-dev-useast1",
            "bucket_domain_name": "bk-goldzone-project1-dev-useast1.s3.amazonaws.com",
            "bucket_prefix": "",
            "bucket_regional_domain_name": "bk-goldzone-project1-dev-useast1.s3.us-east-1.amazonaws.com",
            "cors_rule": [],
            "force_destroy": true,
            "grant": [
              {
                "id": "85ead7a433d38792efed9eb2f5d84720402ccea8869c26a9739603cb11ea7ac2",
                "permissions": [
                  "FULL_CONTROL"
                ],
                "type": "CanonicalUser",
                "uri": ""
              }
            ],
            "hosted_zone_id": "Z3AQBSTGFYJSTF",
            "id": "bk-goldzone-project1-dev-useast1",
            "lifecycle_rule": [],
            "logging": [],
            "object_lock_configuration": [],
            "object_lock_enabled": false,
            "policy": "",
            "region": "us-east-1",
            "replication_configuration": [],
            "request_payer": "BucketOwner",
            "server_side_encryption_configuration": [
              {
                "rule": [
                  {
                    "apply_server_side_encryption_by_default": [
                      {
                        "kms_master_key_id": "",
                        "sse_algorithm": "AES256"
                      }
                    ],
                    "bucket_key_enabled": false
                  }
                ]
              }
            ],
            "tags": {
              "Name": "goldzone"
            },
            "tags_all": {
              "IAC": "Terraform",
              "IAC_Version": "1.7",
              "Name": "goldzone",
              "cloud": "AWS",
              "env": "dev",
              "owner": "Carlos e Isac",
              "project": "project1",
              "region": "useast1"
            },
            "timeouts": null,
            "versioning": [
              {
                "enabled": false,
                "mfa_delete": false
              }
            ],
            "website": [],
            "website_domain": null,
            "website_endpoint": null
          },
          "sensitive_attributes": [],
          "private": "eyJlMmJmYjczMC1lY2FhLTExZTYtOGY4OC0zNDM2M2JjN2M0YzAiOnsiY3JlYXRlIjoxMjAwMDAwMDAwMDAwLCJkZWxldGUiOjM2MDAwMDAwMDAwMDAsInJlYWQiOjEyMDAwMDAwMDAwMDAsInVwZGF0ZSI6MTIwMDAwMDAwMDAwMH19"
        },
        {
          "index_key": "silverzone",
          "schema_version": 0,
          "attributes": {
            "acceleration_status": "",
            "acl": null,
            "arn": "arn:aws:s3:::bk-silverzone-project1-dev-useast1",
            "bucket": "bk-silverzone-project1-dev-useast1",
            "bucket_domain_name": "bk-silverzone-project1-dev-useast1.s3.amazonaws.com",
            "bucket_prefix": "",
            "bucket_regional_domain_name": "bk-silverzone-project1-dev-useast1.s3.us-east-1.amazonaws.com",
            "cors_rule": [],
            "force_destroy": true,
            "grant": [
              {
                "id": "85ead7a433d38792efed9eb2f5d84720402ccea8869c26a9739603cb11ea7ac2",
                "permissions": [
                  "FULL_CONTROL"
                ],
                "type": "CanonicalUser",
                "uri": ""
              }
            ],
            "hosted_zone_id": "Z3AQBSTGFYJSTF",
            "id": "bk-silverzone-project1-dev-useast1",
            "lifecycle_rule": [],
            "logging": [],
            "object_lock_configuration": [],
            "object_lock_enabled": false,
            "policy": "",
            "region": "us-east-1",
            "replication_configuration": [],
            "request_payer": "BucketOwner",
            "server_side_encryption_configuration": [
              {
                "rule": [
                  {
                    "apply_server_side_encryption_by_default": [
                      {
                        "kms_master_key_id": "",
                        "sse_algorithm": "AES256"
                      }
                    ],
                    "bucket_key_enabled": false
                  }
                ]
              }
            ],
            "tags": {
              "Name": "silverzone"
            },
            "tags_all": {
              "IAC": "Terraform",
              "IAC_Version": "1.7",
              "Name": "silverzone",
              "cloud": "AWS",
              "env": "dev",
              "owner": "Carlos e Isac",
              "project": "project1",
              "region": "useast1"
            },
            "timeouts": null,
            "versioning": [
              {
                "enabled": false,
                "mfa_delete": false
              }
            ],
            "website": [],
            "website_domain": null,
            "website_endpoint": null
          },
          "sensitive_attributes": [],
          "private": "eyJlMmJmYjczMC1lY2FhLTExZTYtOGY4OC0zNDM2M2JjN2M0YzAiOnsiY3JlYXRlIjoxMjAwMDAwMDAwMDAwLCJkZWxldGUiOjM2MDAwMDAwMDAwMDAsInJlYWQiOjEyMDAwMDAwMDAwMDAsInVwZGF0ZSI6MTIwMDAwMDAwMDAwMH19"
        }
      ]
    },
    {
      "module": "module.s3",
      "mode": "managed",
      "type": "aws_s3_bucket_server_side_encryption_configuration",
      "name": "server_encryption",
      "provider": "provider[\"registry.terraform.io/hashicorp/aws\"]",
      "instances": [
        {
          "index_key": "bronzezone",
          "schema_version": 0,
          "attributes": {
            "bucket": "bk-bronzezone-project1-dev-useast1",
            "expected_bucket_owner": "",
            "id": "bk-bronzezone-project1-dev-useast1",
            "rule": [
              {
                "apply_server_side_encryption_by_default": [
                  {
                    "kms_master_key_id": "",
                    "sse_algorithm": "AES256"
                  }
                ],
                "bucket_key_enabled": null
              }
            ]
          },
          "sensitive_attributes": [],
          "private": "bnVsbA==",
          "dependencies": [
            "module.s3.aws_s3_bucket.datalake_buckets"
          ]
        },
        {
          "index_key": "goldzone",
          "schema_version": 0,
          "attributes": {
            "bucket": "bk-goldzone-project1-dev-useast1",
            "expected_bucket_owner": "",
            "id": "bk-goldzone-project1-dev-useast1",
            "rule": [
              {
                "apply_server_side_encryption_by_default": [
                  {
                    "kms_master_key_id": "",
                    "sse_algorithm": "AES256"
                  }
                ],
                "bucket_key_enabled": null
              }
            ]
          },
          "sensitive_attributes": [],
          "private": "bnVsbA==",
          "dependencies": [
            "module.s3.aws_s3_bucket.datalake_buckets"
          ]
        },
        {
          "index_key": "silverzone",
          "schema_version": 0,
          "attributes": {
            "bucket": "bk-silverzone-project1-dev-useast1",
            "expected_bucket_owner": "",
            "id": "bk-silverzone-project1-dev-useast1",
            "rule": [
              {
                "apply_server_side_encryption_by_default": [
                  {
                    "kms_master_key_id": "",
                    "sse_algorithm": "AES256"
                  }
                ],
                "bucket_key_enabled": null
              }
            ]
          },
          "sensitive_attributes": [],
          "private": "bnVsbA==",
          "dependencies": [
            "module.s3.aws_s3_bucket.datalake_buckets"
          ]
        }
      ]
    },
    {
      "module": "module.s3",
      "mode": "managed",
      "type": "aws_s3_bucket_versioning",
      "name": "versioning_buckets",
      "provider": "provider[\"registry.terraform.io/hashicorp/aws\"]",
      "instances": [
        {
          "index_key": "bronzezone",
          "schema_version": 0,
          "attributes": {
            "bucket": "bk-bronzezone-project1-dev-useast1",
            "expected_bucket_owner": "",
            "id": "bk-bronzezone-project1-dev-useast1",
            "mfa": null,
            "versioning_configuration": [
              {
                "mfa_delete": "",
                "status": "Enabled"
              }
            ]
          },
          "sensitive_attributes": [],
          "private": "bnVsbA==",
          "dependencies": [
            "module.s3.aws_s3_bucket.datalake_buckets"
          ]
        },
        {
          "index_key": "goldzone",
          "schema_version": 0,
          "attributes": {
            "bucket": "bk-goldzone-project1-dev-useast1",
            "expected_bucket_owner": "",
            "id": "bk-goldzone-project1-dev-useast1",
            "mfa": null,
            "versioning_configuration": [
              {
                "mfa_delete": "",
                "status": "Suspended"
              }
            ]
          },
          "sensitive_attributes": [],
          "private": "bnVsbA==",
          "dependencies": [
            "module.s3.aws_s3_bucket.datalake_buckets"
          ]
        },
        {
          "index_key": "silverzone",
          "schema_version": 0,
          "attributes": {
            "bucket": "bk-silverzone-project1-dev-useast1",
            "expected_bucket_owner": "",
            "id": "bk-silverzone-project1-dev-useast1",
            "mfa": null,
            "versioning_configuration": [
              {
                "mfa_delete": "",
                "status": "Suspended"
              }
            ]
          },
          "sensitive_attributes": [],
          "private": "bnVsbA==",
          "dependencies": [
            "module.s3.aws_s3_bucket.datalake_buckets"
          ]
        }
      ]
    },
    {
      "module": "module.s3",
      "mode": "managed",
      "type": "aws_s3_object",
      "name": "bucket_objects_scripts",
      "provider": "provider[\"registry.terraform.io/hashicorp/aws\"]",
      "instances": [
        {
          "index_key": "job_goldzone",
          "schema_version": 0,
          "attributes": {
            "acl": null,
            "arn": "arn:aws:s3:::bk-gluejobs-project1-dev-useast1/scripts_jobs/job_goldzone.py",
            "bucket": "bk-gluejobs-project1-dev-useast1",
            "bucket_key_enabled": false,
            "cache_control": "",
            "checksum_algorithm": null,
            "checksum_crc32": "",
            "checksum_crc32c": "",
            "checksum_sha1": "",
            "checksum_sha256": "",
            "content": null,
            "content_base64": null,
            "content_disposition": "",
            "content_encoding": "",
            "content_language": "",
            "content_type": "application/octet-stream",
            "etag": "8e7440cdf18cfc899320697187794799",
            "force_destroy": false,
            "id": "scripts_jobs/job_goldzone.py",
            "key": "scripts_jobs/job_goldzone.py",
            "kms_key_id": null,
            "metadata": null,
            "object_lock_legal_hold_status": "",
            "object_lock_mode": "",
            "object_lock_retain_until_date": "",
            "override_provider": [],
            "server_side_encryption": "AES256",
            "source": "C:/Users/carlo/Desktop/Projects Terraform/charla_aws/jobs/job_goldzone.py",
            "source_hash": null,
            "storage_class": "STANDARD",
            "tags": null,
            "tags_all": {
              "IAC": "Terraform",
              "IAC_Version": "1.7",
              "cloud": "AWS",
              "env": "dev",
              "owner": "Carlos e Isac",
              "project": "project1",
              "region": "useast1"
            },
            "version_id": "",
            "website_redirect": ""
          },
          "sensitive_attributes": [],
          "private": "bnVsbA==",
          "dependencies": [
            "module.s3.aws_s3_bucket.bucket_scripts_jobs"
          ]
        },
        {
          "index_key": "job_silverzone",
          "schema_version": 0,
          "attributes": {
            "acl": null,
            "arn": "arn:aws:s3:::bk-gluejobs-project1-dev-useast1/scripts_jobs/job_silverzone.py",
            "bucket": "bk-gluejobs-project1-dev-useast1",
            "bucket_key_enabled": false,
            "cache_control": "",
            "checksum_algorithm": null,
            "checksum_crc32": "",
            "checksum_crc32c": "",
            "checksum_sha1": "",
            "checksum_sha256": "",
            "content": null,
            "content_base64": null,
            "content_disposition": "",
            "content_encoding": "",
            "content_language": "",
            "content_type": "application/octet-stream",
            "etag": "372251e6d3c93298013d4f5ddd8d6b73",
            "force_destroy": false,
            "id": "scripts_jobs/job_silverzone.py",
            "key": "scripts_jobs/job_silverzone.py",
            "kms_key_id": null,
            "metadata": null,
            "object_lock_legal_hold_status": "",
            "object_lock_mode": "",
            "object_lock_retain_until_date": "",
            "override_provider": [],
            "server_side_encryption": "AES256",
            "source": "C:/Users/carlo/Desktop/Projects Terraform/charla_aws/jobs/job_silverzone.py",
            "source_hash": null,
            "storage_class": "STANDARD",
            "tags": null,
            "tags_all": {
              "IAC": "Terraform",
              "IAC_Version": "1.7",
              "cloud": "AWS",
              "env": "dev",
              "owner": "Carlos e Isac",
              "project": "project1",
              "region": "useast1"
            },
            "version_id": "",
            "website_redirect": ""
          },
          "sensitive_attributes": [],
          "private": "bnVsbA==",
          "dependencies": [
            "module.s3.aws_s3_bucket.bucket_scripts_jobs"
          ]
        }
      ]
    },
    {
      "module": "module.s3",
      "mode": "managed",
      "type": "aws_s3_object",
      "name": "bucket_objects_scripts_lambda",
      "provider": "provider[\"registry.terraform.io/hashicorp/aws\"]",
      "instances": [
        {
          "index_key": "uptable_br_glue",
          "schema_version": 0,
          "attributes": {
            "acl": null,
            "arn": "arn:aws:s3:::bk-lambdafunctions-project1-dev-useast1/scripts_lambda/uptable_br_glue.zip",
            "bucket": "bk-lambdafunctions-project1-dev-useast1",
            "bucket_key_enabled": false,
            "cache_control": "",
            "checksum_algorithm": null,
            "checksum_crc32": "",
            "checksum_crc32c": "",
            "checksum_sha1": "",
            "checksum_sha256": "",
            "content": null,
            "content_base64": null,
            "content_disposition": "",
            "content_encoding": "",
            "content_language": "",
            "content_type": "application/octet-stream",
            "etag": "13c857423ad2c758104db50e23521e97",
            "force_destroy": false,
            "id": "scripts_lambda/uptable_br_glue.zip",
            "key": "scripts_lambda/uptable_br_glue.zip",
            "kms_key_id": null,
            "metadata": null,
            "object_lock_legal_hold_status": "",
            "object_lock_mode": "",
            "object_lock_retain_until_date": "",
            "override_provider": [],
            "server_side_encryption": "AES256",
            "source": "C:/Users/carlo/Desktop/Projects Terraform/charla_aws/lambdas/uptable_br_glue.zip",
            "source_hash": null,
            "storage_class": "STANDARD",
            "tags": null,
            "tags_all": {
              "IAC": "Terraform",
              "IAC_Version": "1.7",
              "cloud": "AWS",
              "env": "dev",
              "owner": "Carlos e Isac",
              "project": "project1",
              "region": "useast1"
            },
            "version_id": "",
            "website_redirect": ""
          },
          "sensitive_attributes": [],
          "private": "bnVsbA==",
          "dependencies": [
            "module.s3.aws_s3_bucket.bucket_scripts_lambda"
          ]
        },
        {
          "index_key": "uptable_sl_glue",
          "schema_version": 0,
          "attributes": {
            "acl": null,
            "arn": "arn:aws:s3:::bk-lambdafunctions-project1-dev-useast1/scripts_lambda/uptable_sl_glue.zip",
            "bucket": "bk-lambdafunctions-project1-dev-useast1",
            "bucket_key_enabled": false,
            "cache_control": "",
            "checksum_algorithm": null,
            "checksum_crc32": "",
            "checksum_crc32c": "",
            "checksum_sha1": "",
            "checksum_sha256": "",
            "content": null,
            "content_base64": null,
            "content_disposition": "",
            "content_encoding": "",
            "content_language": "",
            "content_type": "application/octet-stream",
            "etag": "a34c3c102c5f16462713aa71421f7143",
            "force_destroy": false,
            "id": "scripts_lambda/uptable_sl_glue.zip",
            "key": "scripts_lambda/uptable_sl_glue.zip",
            "kms_key_id": null,
            "metadata": null,
            "object_lock_legal_hold_status": "",
            "object_lock_mode": "",
            "object_lock_retain_until_date": "",
            "override_provider": [],
            "server_side_encryption": "AES256",
            "source": "C:/Users/carlo/Desktop/Projects Terraform/charla_aws/lambdas/uptable_sl_glue.zip",
            "source_hash": null,
            "storage_class": "STANDARD",
            "tags": null,
            "tags_all": {
              "IAC": "Terraform",
              "IAC_Version": "1.7",
              "cloud": "AWS",
              "env": "dev",
              "owner": "Carlos e Isac",
              "project": "project1",
              "region": "useast1"
            },
            "version_id": "",
            "website_redirect": ""
          },
          "sensitive_attributes": [],
          "private": "bnVsbA==",
          "dependencies": [
            "module.s3.aws_s3_bucket.bucket_scripts_lambda"
          ]
        }
      ]
    },
    {
      "module": "module.s3",
      "mode": "managed",
      "type": "aws_s3_object",
      "name": "structure_buckets",
      "provider": "provider[\"registry.terraform.io/hashicorp/aws\"]",
      "instances": [
        {
          "index_key": "bronzezone-customer",
          "schema_version": 0,
          "attributes": {
            "acl": null,
            "arn": "arn:aws:s3:::bk-bronzezone-project1-dev-useast1/customer/",
            "bucket": "bk-bronzezone-project1-dev-useast1",
            "bucket_key_enabled": false,
            "cache_control": "",
            "checksum_algorithm": null,
            "checksum_crc32": "",
            "checksum_crc32c": "",
            "checksum_sha1": "",
            "checksum_sha256": "",
            "content": null,
            "content_base64": null,
            "content_disposition": "",
            "content_encoding": "",
            "content_language": "",
            "content_type": "application/octet-stream",
            "etag": "d41d8cd98f00b204e9800998ecf8427e",
            "force_destroy": false,
            "id": "customer/",
            "key": "customer/",
            "kms_key_id": null,
            "metadata": null,
            "object_lock_legal_hold_status": "",
            "object_lock_mode": "",
            "object_lock_retain_until_date": "",
            "override_provider": [],
            "server_side_encryption": "AES256",
            "source": null,
            "source_hash": null,
            "storage_class": "STANDARD",
            "tags": null,
            "tags_all": {
              "IAC": "Terraform",
              "IAC_Version": "1.7",
              "cloud": "AWS",
              "env": "dev",
              "owner": "Carlos e Isac",
              "project": "project1",
              "region": "useast1"
            },
            "version_id": "5kQ1wyU3CulqKRI4SOa5hVUi7tyb9ZkQ",
            "website_redirect": ""
          },
          "sensitive_attributes": [],
          "private": "bnVsbA==",
          "dependencies": [
            "module.s3.aws_s3_bucket.datalake_buckets"
          ]
        },
        {
          "index_key": "bronzezone-jobs",
          "schema_version": 0,
          "attributes": {
            "acl": null,
            "arn": "arn:aws:s3:::bk-bronzezone-project1-dev-useast1/jobs/",
            "bucket": "bk-bronzezone-project1-dev-useast1",
            "bucket_key_enabled": false,
            "cache_control": "",
            "checksum_algorithm": null,
            "checksum_crc32": "",
            "checksum_crc32c": "",
            "checksum_sha1": "",
            "checksum_sha256": "",
            "content": null,
            "content_base64": null,
            "content_disposition": "",
            "content_encoding": "",
            "content_language": "",
            "content_type": "application/octet-stream",
            "etag": "d41d8cd98f00b204e9800998ecf8427e",
            "force_destroy": false,
            "id": "jobs/",
            "key": "jobs/",
            "kms_key_id": null,
            "metadata": null,
            "object_lock_legal_hold_status": "",
            "object_lock_mode": "",
            "object_lock_retain_until_date": "",
            "override_provider": [],
            "server_side_encryption": "AES256",
            "source": null,
            "source_hash": null,
            "storage_class": "STANDARD",
            "tags": null,
            "tags_all": {
              "IAC": "Terraform",
              "IAC_Version": "1.7",
              "cloud": "AWS",
              "env": "dev",
              "owner": "Carlos e Isac",
              "project": "project1",
              "region": "useast1"
            },
            "version_id": "w3krACX1rzOki4C8I3s6yRAo9U9Jz4RE",
            "website_redirect": ""
          },
          "sensitive_attributes": [],
          "private": "bnVsbA==",
          "dependencies": [
            "module.s3.aws_s3_bucket.datalake_buckets"
          ]
        },
        {
          "index_key": "bronzezone-sales",
          "schema_version": 0,
          "attributes": {
            "acl": null,
            "arn": "arn:aws:s3:::bk-bronzezone-project1-dev-useast1/sales/",
            "bucket": "bk-bronzezone-project1-dev-useast1",
            "bucket_key_enabled": false,
            "cache_control": "",
            "checksum_algorithm": null,
            "checksum_crc32": "",
            "checksum_crc32c": "",
            "checksum_sha1": "",
            "checksum_sha256": "",
            "content": null,
            "content_base64": null,
            "content_disposition": "",
            "content_encoding": "",
            "content_language": "",
            "content_type": "application/octet-stream",
            "etag": "d41d8cd98f00b204e9800998ecf8427e",
            "force_destroy": false,
            "id": "sales/",
            "key": "sales/",
            "kms_key_id": null,
            "metadata": null,
            "object_lock_legal_hold_status": "",
            "object_lock_mode": "",
            "object_lock_retain_until_date": "",
            "override_provider": [],
            "server_side_encryption": "AES256",
            "source": null,
            "source_hash": null,
            "storage_class": "STANDARD",
            "tags": null,
            "tags_all": {
              "IAC": "Terraform",
              "IAC_Version": "1.7",
              "cloud": "AWS",
              "env": "dev",
              "owner": "Carlos e Isac",
              "project": "project1",
              "region": "useast1"
            },
            "version_id": "pKSxaMX54gc0ucSgcNChwe1_muYxAetu",
            "website_redirect": ""
          },
          "sensitive_attributes": [],
          "private": "bnVsbA==",
          "dependencies": [
            "module.s3.aws_s3_bucket.datalake_buckets"
          ]
        },
        {
          "index_key": "goldzone-customer",
          "schema_version": 0,
          "attributes": {
            "acl": null,
            "arn": "arn:aws:s3:::bk-goldzone-project1-dev-useast1/customer/",
            "bucket": "bk-goldzone-project1-dev-useast1",
            "bucket_key_enabled": false,
            "cache_control": "",
            "checksum_algorithm": null,
            "checksum_crc32": "",
            "checksum_crc32c": "",
            "checksum_sha1": "",
            "checksum_sha256": "",
            "content": null,
            "content_base64": null,
            "content_disposition": "",
            "content_encoding": "",
            "content_language": "",
            "content_type": "application/octet-stream",
            "etag": "d41d8cd98f00b204e9800998ecf8427e",
            "force_destroy": false,
            "id": "customer/",
            "key": "customer/",
            "kms_key_id": null,
            "metadata": null,
            "object_lock_legal_hold_status": "",
            "object_lock_mode": "",
            "object_lock_retain_until_date": "",
            "override_provider": [],
            "server_side_encryption": "AES256",
            "source": null,
            "source_hash": null,
            "storage_class": "STANDARD",
            "tags": null,
            "tags_all": {
              "IAC": "Terraform",
              "IAC_Version": "1.7",
              "cloud": "AWS",
              "env": "dev",
              "owner": "Carlos e Isac",
              "project": "project1",
              "region": "useast1"
            },
            "version_id": "null",
            "website_redirect": ""
          },
          "sensitive_attributes": [],
          "private": "bnVsbA==",
          "dependencies": [
            "module.s3.aws_s3_bucket.datalake_buckets"
          ]
        },
        {
          "index_key": "goldzone-jobs",
          "schema_version": 0,
          "attributes": {
            "acl": null,
            "arn": "arn:aws:s3:::bk-goldzone-project1-dev-useast1/jobs/",
            "bucket": "bk-goldzone-project1-dev-useast1",
            "bucket_key_enabled": false,
            "cache_control": "",
            "checksum_algorithm": null,
            "checksum_crc32": "",
            "checksum_crc32c": "",
            "checksum_sha1": "",
            "checksum_sha256": "",
            "content": null,
            "content_base64": null,
            "content_disposition": "",
            "content_encoding": "",
            "content_language": "",
            "content_type": "application/octet-stream",
            "etag": "d41d8cd98f00b204e9800998ecf8427e",
            "force_destroy": false,
            "id": "jobs/",
            "key": "jobs/",
            "kms_key_id": null,
            "metadata": null,
            "object_lock_legal_hold_status": "",
            "object_lock_mode": "",
            "object_lock_retain_until_date": "",
            "override_provider": [],
            "server_side_encryption": "AES256",
            "source": null,
            "source_hash": null,
            "storage_class": "STANDARD",
            "tags": null,
            "tags_all": {
              "IAC": "Terraform",
              "IAC_Version": "1.7",
              "cloud": "AWS",
              "env": "dev",
              "owner": "Carlos e Isac",
              "project": "project1",
              "region": "useast1"
            },
            "version_id": "null",
            "website_redirect": ""
          },
          "sensitive_attributes": [],
          "private": "bnVsbA==",
          "dependencies": [
            "module.s3.aws_s3_bucket.datalake_buckets"
          ]
        },
        {
          "index_key": "goldzone-sales",
          "schema_version": 0,
          "attributes": {
            "acl": null,
            "arn": "arn:aws:s3:::bk-goldzone-project1-dev-useast1/sales/",
            "bucket": "bk-goldzone-project1-dev-useast1",
            "bucket_key_enabled": false,
            "cache_control": "",
            "checksum_algorithm": null,
            "checksum_crc32": "",
            "checksum_crc32c": "",
            "checksum_sha1": "",
            "checksum_sha256": "",
            "content": null,
            "content_base64": null,
            "content_disposition": "",
            "content_encoding": "",
            "content_language": "",
            "content_type": "application/octet-stream",
            "etag": "d41d8cd98f00b204e9800998ecf8427e",
            "force_destroy": false,
            "id": "sales/",
            "key": "sales/",
            "kms_key_id": null,
            "metadata": null,
            "object_lock_legal_hold_status": "",
            "object_lock_mode": "",
            "object_lock_retain_until_date": "",
            "override_provider": [],
            "server_side_encryption": "AES256",
            "source": null,
            "source_hash": null,
            "storage_class": "STANDARD",
            "tags": null,
            "tags_all": {
              "IAC": "Terraform",
              "IAC_Version": "1.7",
              "cloud": "AWS",
              "env": "dev",
              "owner": "Carlos e Isac",
              "project": "project1",
              "region": "useast1"
            },
            "version_id": "null",
            "website_redirect": ""
          },
          "sensitive_attributes": [],
          "private": "bnVsbA==",
          "dependencies": [
            "module.s3.aws_s3_bucket.datalake_buckets"
          ]
        },
        {
          "index_key": "silverzone-customer",
          "schema_version": 0,
          "attributes": {
            "acl": null,
            "arn": "arn:aws:s3:::bk-silverzone-project1-dev-useast1/customer/",
            "bucket": "bk-silverzone-project1-dev-useast1",
            "bucket_key_enabled": false,
            "cache_control": "",
            "checksum_algorithm": null,
            "checksum_crc32": "",
            "checksum_crc32c": "",
            "checksum_sha1": "",
            "checksum_sha256": "",
            "content": null,
            "content_base64": null,
            "content_disposition": "",
            "content_encoding": "",
            "content_language": "",
            "content_type": "application/octet-stream",
            "etag": "d41d8cd98f00b204e9800998ecf8427e",
            "force_destroy": false,
            "id": "customer/",
            "key": "customer/",
            "kms_key_id": null,
            "metadata": null,
            "object_lock_legal_hold_status": "",
            "object_lock_mode": "",
            "object_lock_retain_until_date": "",
            "override_provider": [],
            "server_side_encryption": "AES256",
            "source": null,
            "source_hash": null,
            "storage_class": "STANDARD",
            "tags": null,
            "tags_all": {
              "IAC": "Terraform",
              "IAC_Version": "1.7",
              "cloud": "AWS",
              "env": "dev",
              "owner": "Carlos e Isac",
              "project": "project1",
              "region": "useast1"
            },
            "version_id": "null",
            "website_redirect": ""
          },
          "sensitive_attributes": [],
          "private": "bnVsbA==",
          "dependencies": [
            "module.s3.aws_s3_bucket.datalake_buckets"
          ]
        },
        {
          "index_key": "silverzone-jobs",
          "schema_version": 0,
          "attributes": {
            "acl": null,
            "arn": "arn:aws:s3:::bk-silverzone-project1-dev-useast1/jobs/",
            "bucket": "bk-silverzone-project1-dev-useast1",
            "bucket_key_enabled": false,
            "cache_control": "",
            "checksum_algorithm": null,
            "checksum_crc32": "",
            "checksum_crc32c": "",
            "checksum_sha1": "",
            "checksum_sha256": "",
            "content": null,
            "content_base64": null,
            "content_disposition": "",
            "content_encoding": "",
            "content_language": "",
            "content_type": "application/octet-stream",
            "etag": "d41d8cd98f00b204e9800998ecf8427e",
            "force_destroy": false,
            "id": "jobs/",
            "key": "jobs/",
            "kms_key_id": null,
            "metadata": null,
            "object_lock_legal_hold_status": "",
            "object_lock_mode": "",
            "object_lock_retain_until_date": "",
            "override_provider": [],
            "server_side_encryption": "AES256",
            "source": null,
            "source_hash": null,
            "storage_class": "STANDARD",
            "tags": null,
            "tags_all": {
              "IAC": "Terraform",
              "IAC_Version": "1.7",
              "cloud": "AWS",
              "env": "dev",
              "owner": "Carlos e Isac",
              "project": "project1",
              "region": "useast1"
            },
            "version_id": "null",
            "website_redirect": ""
          },
          "sensitive_attributes": [],
          "private": "bnVsbA==",
          "dependencies": [
            "module.s3.aws_s3_bucket.datalake_buckets"
          ]
        },
        {
          "index_key": "silverzone-sales",
          "schema_version": 0,
          "attributes": {
            "acl": null,
            "arn": "arn:aws:s3:::bk-silverzone-project1-dev-useast1/sales/",
            "bucket": "bk-silverzone-project1-dev-useast1",
            "bucket_key_enabled": false,
            "cache_control": "",
            "checksum_algorithm": null,
            "checksum_crc32": "",
            "checksum_crc32c": "",
            "checksum_sha1": "",
            "checksum_sha256": "",
            "content": null,
            "content_base64": null,
            "content_disposition": "",
            "content_encoding": "",
            "content_language": "",
            "content_type": "application/octet-stream",
            "etag": "d41d8cd98f00b204e9800998ecf8427e",
            "force_destroy": false,
            "id": "sales/",
            "key": "sales/",
            "kms_key_id": null,
            "metadata": null,
            "object_lock_legal_hold_status": "",
            "object_lock_mode": "",
            "object_lock_retain_until_date": "",
            "override_provider": [],
            "server_side_encryption": "AES256",
            "source": null,
            "source_hash": null,
            "storage_class": "STANDARD",
            "tags": null,
            "tags_all": {
              "IAC": "Terraform",
              "IAC_Version": "1.7",
              "cloud": "AWS",
              "env": "dev",
              "owner": "Carlos e Isac",
              "project": "project1",
              "region": "useast1"
            },
            "version_id": "null",
            "website_redirect": ""
          },
          "sensitive_attributes": [],
          "private": "bnVsbA==",
          "dependencies": [
            "module.s3.aws_s3_bucket.datalake_buckets"
          ]
        }
      ]
    }
  ],
  "check_results": null
}
