{
  "version": 4,
  "terraform_version": "1.7.3",
  "serial": 8620,
  "lineage": "eec07f55-aa3c-8348-42e3-da7720269851",
  "outputs": {},
  "resources": [
    {
      "module": "module.glue",
      "mode": "managed",
      "type": "aws_glue_catalog_database",
      "name": "catalog_database",
      "provider": "provider[\"registry.terraform.io/hashicorp/aws\"]",
      "instances": [
        {
          "schema_version": 0,
          "attributes": {
            "arn": "arn:aws:glue:us-east-1:905418224712:database/dev_aws_data",
            "catalog_id": "905418224712",
            "create_table_default_permission": [
              {
                "permissions": [
                  "ALL"
                ],
                "principal": [
                  {
                    "data_lake_principal_identifier": "IAM_ALLOWED_PRINCIPALS"
                  }
                ]
              }
            ],
            "description": "Catalog database for datalake",
            "federated_database": [],
            "id": "905418224712:dev_aws_data",
            "location_uri": "",
            "name": "dev_aws_data",
            "parameters": {},
            "tags": {
              "Name": "aws_data"
            },
            "tags_all": {
              "IAC": "Terraform",
              "IAC_Version": "1.7",
              "Name": "aws_data",
              "cloud": "AWS",
              "env": "dev",
              "owner": "Carlos e Isac",
              "project": "project1",
              "region": "useast1"
            },
            "target_database": []
          },
          "sensitive_attributes": [],
          "private": "bnVsbA=="
        }
      ]
    },
    {
      "module": "module.glue",
      "mode": "managed",
      "type": "aws_glue_crawler",
      "name": "data_lake_crawler",
      "provider": "provider[\"registry.terraform.io/hashicorp/aws\"]",
      "instances": [
        {
          "index_key": 0,
          "schema_version": 0,
          "attributes": {
            "arn": "arn:aws:glue:us-east-1:905418224712:crawler/dev_crw_bronzezone",
            "catalog_target": [],
            "classifiers": [],
            "configuration": "",
            "database_name": "dev_aws_data",
            "delta_target": [],
            "description": "Crawlers for each layer of the datalake",
            "dynamodb_target": [],
            "hudi_target": [],
            "iceberg_target": [],
            "id": "dev_crw_bronzezone",
            "jdbc_target": [],
            "lake_formation_configuration": [
              {
                "account_id": "",
                "use_lake_formation_credentials": false
              }
            ],
            "lineage_configuration": [
              {
                "crawler_lineage_settings": "DISABLE"
              }
            ],
            "mongodb_target": [],
            "name": "dev_crw_bronzezone",
            "recrawl_policy": [
              {
                "recrawl_behavior": "CRAWL_EVERYTHING"
              }
            ],
            "role": "AWSGlueRole",
            "s3_target": [
              {
                "connection_name": "",
                "dlq_event_queue_arn": "",
                "event_queue_arn": "",
                "exclusions": [],
                "path": "s3://bk-bronzezone-project1-dev-useast1",
                "sample_size": 0
              }
            ],
            "schedule": "",
            "schema_change_policy": [
              {
                "delete_behavior": "DEPRECATE_IN_DATABASE",
                "update_behavior": "UPDATE_IN_DATABASE"
              }
            ],
            "security_configuration": "",
            "table_prefix": "",
            "tags": {},
            "tags_all": {
              "IAC": "Terraform",
              "IAC_Version": "1.7",
              "cloud": "AWS",
              "env": "dev",
              "owner": "Carlos e Isac",
              "project": "project1",
              "region": "useast1"
            }
          },
          "sensitive_attributes": [],
          "private": "bnVsbA==",
          "dependencies": [
            "module.glue.aws_glue_catalog_database.catalog_database",
            "module.iam.aws_iam_role.glue_service_role",
            "module.iam.data.aws_iam_policy_document.glue_assume_role_policy",
            "module.s3.aws_s3_bucket.datalake_buckets"
          ]
        }
      ]
    },
    {
      "module": "module.iam",
      "mode": "data",
      "type": "aws_iam_policy_document",
      "name": "glue_assume_role_policy",
      "provider": "provider[\"registry.terraform.io/hashicorp/aws\"]",
      "instances": [
        {
          "schema_version": 0,
          "attributes": {
            "id": "2681768870",
            "json": "{\n  \"Version\": \"2012-10-17\",\n  \"Statement\": [\n    {\n      \"Effect\": \"Allow\",\n      \"Action\": \"sts:AssumeRole\",\n      \"Principal\": {\n        \"Service\": \"glue.amazonaws.com\"\n      }\n    }\n  ]\n}",
            "override_json": null,
            "override_policy_documents": null,
            "policy_id": null,
            "source_json": null,
            "source_policy_documents": null,
            "statement": [
              {
                "actions": [
                  "sts:AssumeRole"
                ],
                "condition": [],
                "effect": "Allow",
                "not_actions": [],
                "not_principals": [],
                "not_resources": [],
                "principals": [
                  {
                    "identifiers": [
                      "glue.amazonaws.com"
                    ],
                    "type": "Service"
                  }
                ],
                "resources": [],
                "sid": ""
              }
            ],
            "version": "2012-10-17"
          },
          "sensitive_attributes": []
        }
      ]
    },
    {
      "module": "module.iam",
      "mode": "managed",
      "type": "aws_iam_role",
      "name": "glue_service_role",
      "provider": "provider[\"registry.terraform.io/hashicorp/aws\"]",
      "instances": [
        {
          "schema_version": 0,
          "attributes": {
            "arn": "arn:aws:iam::905418224712:role/AWSGlueRole",
            "assume_role_policy": "{\"Statement\":[{\"Action\":\"sts:AssumeRole\",\"Effect\":\"Allow\",\"Principal\":{\"Service\":\"glue.amazonaws.com\"}}],\"Version\":\"2012-10-17\"}",
            "create_date": "2024-04-15T06:06:27Z",
            "description": "Glue Rol",
            "force_detach_policies": false,
            "id": "AWSGlueRole",
            "inline_policy": [],
            "managed_policy_arns": [
              "arn:aws:iam::905418224712:policy/GlueS3AndDataCatalogPolicy"
            ],
            "max_session_duration": 3600,
            "name": "AWSGlueRole",
            "name_prefix": "",
            "path": "/",
            "permissions_boundary": "",
            "tags": {
              "Name": "AWSGlueRole"
            },
            "tags_all": {
              "IAC": "Terraform",
              "IAC_Version": "1.7",
              "Name": "AWSGlueRole",
              "cloud": "AWS",
              "env": "dev",
              "owner": "Carlos e Isac",
              "project": "project1",
              "region": "useast1"
            },
            "unique_id": "AROA5FTZBWRECYEA2K444"
          },
          "sensitive_attributes": [],
          "private": "bnVsbA==",
          "dependencies": [
            "module.iam.data.aws_iam_policy_document.glue_assume_role_policy"
          ]
        }
      ]
    },
    {
      "module": "module.s3",
      "mode": "managed",
      "type": "aws_s3_bucket",
      "name": "datalake_buckets",
      "provider": "provider[\"registry.terraform.io/hashicorp/aws\"]",
      "instances": [
        {
          "index_key": "bronzezone",
          "schema_version": 0,
          "attributes": {
            "acceleration_status": "",
            "acl": null,
            "arn": "arn:aws:s3:::bk-bronzezone-project1-dev-useast1",
            "bucket": "bk-bronzezone-project1-dev-useast1",
            "bucket_domain_name": "bk-bronzezone-project1-dev-useast1.s3.amazonaws.com",
            "bucket_prefix": "",
            "bucket_regional_domain_name": "bk-bronzezone-project1-dev-useast1.s3.us-east-1.amazonaws.com",
            "cors_rule": [],
            "force_destroy": true,
            "grant": [
              {
                "id": "85ead7a433d38792efed9eb2f5d84720402ccea8869c26a9739603cb11ea7ac2",
                "permissions": [
                  "FULL_CONTROL"
                ],
                "type": "CanonicalUser",
                "uri": ""
              }
            ],
            "hosted_zone_id": "Z3AQBSTGFYJSTF",
            "id": "bk-bronzezone-project1-dev-useast1",
            "lifecycle_rule": [],
            "logging": [],
            "object_lock_configuration": [],
            "object_lock_enabled": false,
            "policy": "",
            "region": "us-east-1",
            "replication_configuration": [],
            "request_payer": "BucketOwner",
            "server_side_encryption_configuration": [
              {
                "rule": [
                  {
                    "apply_server_side_encryption_by_default": [
                      {
                        "kms_master_key_id": "",
                        "sse_algorithm": "AES256"
                      }
                    ],
                    "bucket_key_enabled": false
                  }
                ]
              }
            ],
            "tags": {
              "Name": "bronzezone"
            },
            "tags_all": {
              "IAC": "Terraform",
              "IAC_Version": "1.7",
              "Name": "bronzezone",
              "cloud": "AWS",
              "env": "dev",
              "owner": "Carlos e Isac",
              "project": "project1",
              "region": "useast1"
            },
            "timeouts": null,
            "versioning": [
              {
                "enabled": true,
                "mfa_delete": false
              }
            ],
            "website": [],
            "website_domain": null,
            "website_endpoint": null
          },
          "sensitive_attributes": [],
          "private": "eyJlMmJmYjczMC1lY2FhLTExZTYtOGY4OC0zNDM2M2JjN2M0YzAiOnsiY3JlYXRlIjoxMjAwMDAwMDAwMDAwLCJkZWxldGUiOjM2MDAwMDAwMDAwMDAsInJlYWQiOjEyMDAwMDAwMDAwMDAsInVwZGF0ZSI6MTIwMDAwMDAwMDAwMH19"
        },
        {
          "index_key": "goldzone",
          "schema_version": 0,
          "attributes": {
            "acceleration_status": "",
            "acl": null,
            "arn": "arn:aws:s3:::bk-goldzone-project1-dev-useast1",
            "bucket": "bk-goldzone-project1-dev-useast1",
            "bucket_domain_name": "bk-goldzone-project1-dev-useast1.s3.amazonaws.com",
            "bucket_prefix": "",
            "bucket_regional_domain_name": "bk-goldzone-project1-dev-useast1.s3.us-east-1.amazonaws.com",
            "cors_rule": [],
            "force_destroy": true,
            "grant": [
              {
                "id": "85ead7a433d38792efed9eb2f5d84720402ccea8869c26a9739603cb11ea7ac2",
                "permissions": [
                  "FULL_CONTROL"
                ],
                "type": "CanonicalUser",
                "uri": ""
              }
            ],
            "hosted_zone_id": "Z3AQBSTGFYJSTF",
            "id": "bk-goldzone-project1-dev-useast1",
            "lifecycle_rule": [],
            "logging": [],
            "object_lock_configuration": [],
            "object_lock_enabled": false,
            "policy": "",
            "region": "us-east-1",
            "replication_configuration": [],
            "request_payer": "BucketOwner",
            "server_side_encryption_configuration": [
              {
                "rule": [
                  {
                    "apply_server_side_encryption_by_default": [
                      {
                        "kms_master_key_id": "",
                        "sse_algorithm": "AES256"
                      }
                    ],
                    "bucket_key_enabled": false
                  }
                ]
              }
            ],
            "tags": {
              "Name": "goldzone"
            },
            "tags_all": {
              "IAC": "Terraform",
              "IAC_Version": "1.7",
              "Name": "goldzone",
              "cloud": "AWS",
              "env": "dev",
              "owner": "Carlos e Isac",
              "project": "project1",
              "region": "useast1"
            },
            "timeouts": null,
            "versioning": [
              {
                "enabled": false,
                "mfa_delete": false
              }
            ],
            "website": [],
            "website_domain": null,
            "website_endpoint": null
          },
          "sensitive_attributes": [],
          "private": "eyJlMmJmYjczMC1lY2FhLTExZTYtOGY4OC0zNDM2M2JjN2M0YzAiOnsiY3JlYXRlIjoxMjAwMDAwMDAwMDAwLCJkZWxldGUiOjM2MDAwMDAwMDAwMDAsInJlYWQiOjEyMDAwMDAwMDAwMDAsInVwZGF0ZSI6MTIwMDAwMDAwMDAwMH19"
        },
        {
          "index_key": "silverzone",
          "schema_version": 0,
          "attributes": {
            "acceleration_status": "",
            "acl": null,
            "arn": "arn:aws:s3:::bk-silverzone-project1-dev-useast1",
            "bucket": "bk-silverzone-project1-dev-useast1",
            "bucket_domain_name": "bk-silverzone-project1-dev-useast1.s3.amazonaws.com",
            "bucket_prefix": "",
            "bucket_regional_domain_name": "bk-silverzone-project1-dev-useast1.s3.us-east-1.amazonaws.com",
            "cors_rule": [],
            "force_destroy": true,
            "grant": [
              {
                "id": "85ead7a433d38792efed9eb2f5d84720402ccea8869c26a9739603cb11ea7ac2",
                "permissions": [
                  "FULL_CONTROL"
                ],
                "type": "CanonicalUser",
                "uri": ""
              }
            ],
            "hosted_zone_id": "Z3AQBSTGFYJSTF",
            "id": "bk-silverzone-project1-dev-useast1",
            "lifecycle_rule": [],
            "logging": [],
            "object_lock_configuration": [],
            "object_lock_enabled": false,
            "policy": "",
            "region": "us-east-1",
            "replication_configuration": [],
            "request_payer": "BucketOwner",
            "server_side_encryption_configuration": [
              {
                "rule": [
                  {
                    "apply_server_side_encryption_by_default": [
                      {
                        "kms_master_key_id": "",
                        "sse_algorithm": "AES256"
                      }
                    ],
                    "bucket_key_enabled": false
                  }
                ]
              }
            ],
            "tags": {
              "Name": "silverzone"
            },
            "tags_all": {
              "IAC": "Terraform",
              "IAC_Version": "1.7",
              "Name": "silverzone",
              "cloud": "AWS",
              "env": "dev",
              "owner": "Carlos e Isac",
              "project": "project1",
              "region": "useast1"
            },
            "timeouts": null,
            "versioning": [
              {
                "enabled": false,
                "mfa_delete": false
              }
            ],
            "website": [],
            "website_domain": null,
            "website_endpoint": null
          },
          "sensitive_attributes": [],
          "private": "eyJlMmJmYjczMC1lY2FhLTExZTYtOGY4OC0zNDM2M2JjN2M0YzAiOnsiY3JlYXRlIjoxMjAwMDAwMDAwMDAwLCJkZWxldGUiOjM2MDAwMDAwMDAwMDAsInJlYWQiOjEyMDAwMDAwMDAwMDAsInVwZGF0ZSI6MTIwMDAwMDAwMDAwMH19"
        }
      ]
    }
  ],
  "check_results": null
}
